// !$*UTF8*$!
{
	archiveVersion = 1;
	classes = {
	};
	objectVersion = 55;
	objects = {

/* Begin PBXBuildFile section */
		928FC46F294A89F6007566EC /* InitialViewController.swift in Sources */ = {isa = PBXBuildFile; fileRef = 928FC46E294A89F6007566EC /* InitialViewController.swift */; };
		92F6213529476C4200545199 /* AppDelegate.swift in Sources */ = {isa = PBXBuildFile; fileRef = 92F6213429476C4200545199 /* AppDelegate.swift */; };
		92F6213729476C4200545199 /* SceneDelegate.swift in Sources */ = {isa = PBXBuildFile; fileRef = 92F6213629476C4200545199 /* SceneDelegate.swift */; };
		92F6213929476C4200545199 /* GenericWebViewController.swift in Sources */ = {isa = PBXBuildFile; fileRef = 92F6213829476C4200545199 /* GenericWebViewController.swift */; };
		92F6213C29476C4200545199 /* Main.storyboard in Resources */ = {isa = PBXBuildFile; fileRef = 92F6213A29476C4200545199 /* Main.storyboard */; };
		92F6213E29476C4400545199 /* Assets.xcassets in Resources */ = {isa = PBXBuildFile; fileRef = 92F6213D29476C4400545199 /* Assets.xcassets */; };
		92F6214129476C4400545199 /* LaunchScreen.storyboard in Resources */ = {isa = PBXBuildFile; fileRef = 92F6213F29476C4400545199 /* LaunchScreen.storyboard */; };
		92FF9818294B59970001ABB8 /* DefaultNavBar.swift in Sources */ = {isa = PBXBuildFile; fileRef = 92FF9817294B59970001ABB8 /* DefaultNavBar.swift */; };
		92FF981A294B5A640001ABB8 /* UIColorExtension.swift in Sources */ = {isa = PBXBuildFile; fileRef = 92FF9819294B5A640001ABB8 /* UIColorExtension.swift */; };
/* End PBXBuildFile section */

/* Begin PBXFileReference section */
		928FC46E294A89F6007566EC /* InitialViewController.swift */ = {isa = PBXFileReference; lastKnownFileType = sourcecode.swift; path = InitialViewController.swift; sourceTree = "<group>"; };
		92F6213129476C4200545199 /* webview-iOS.app */ = {isa = PBXFileReference; explicitFileType = wrapper.application; includeInIndex = 0; path = "webview-iOS.app"; sourceTree = BUILT_PRODUCTS_DIR; };
		92F6213429476C4200545199 /* AppDelegate.swift */ = {isa = PBXFileReference; lastKnownFileType = sourcecode.swift; path = AppDelegate.swift; sourceTree = "<group>"; };
		92F6213629476C4200545199 /* SceneDelegate.swift */ = {isa = PBXFileReference; lastKnownFileType = sourcecode.swift; path = SceneDelegate.swift; sourceTree = "<group>"; };
		92F6213829476C4200545199 /* GenericWebViewController.swift */ = {isa = PBXFileReference; lastKnownFileType = sourcecode.swift; path = GenericWebViewController.swift; sourceTree = "<group>"; };
		92F6213B29476C4200545199 /* Base */ = {isa = PBXFileReference; lastKnownFileType = file.storyboard; name = Base; path = Base.lproj/Main.storyboard; sourceTree = "<group>"; };
		92F6213D29476C4400545199 /* Assets.xcassets */ = {isa = PBXFileReference; lastKnownFileType = folder.assetcatalog; path = Assets.xcassets; sourceTree = "<group>"; };
		92F6214029476C4400545199 /* Base */ = {isa = PBXFileReference; lastKnownFileType = file.storyboard; name = Base; path = Base.lproj/LaunchScreen.storyboard; sourceTree = "<group>"; };
		92F6214229476C4400545199 /* Info.plist */ = {isa = PBXFileReference; lastKnownFileType = text.plist.xml; path = Info.plist; sourceTree = "<group>"; };
		92FF9817294B59970001ABB8 /* DefaultNavBar.swift */ = {isa = PBXFileReference; lastKnownFileType = sourcecode.swift; path = DefaultNavBar.swift; sourceTree = "<group>"; };
		92FF9819294B5A640001ABB8 /* UIColorExtension.swift */ = {isa = PBXFileReference; lastKnownFileType = sourcecode.swift; path = UIColorExtension.swift; sourceTree = "<group>"; };
/* End PBXFileReference section */

/* Begin PBXFrameworksBuildPhase section */
		92F6212E29476C4200545199 /* Frameworks */ = {
			isa = PBXFrameworksBuildPhase;
			buildActionMask = 2147483647;
			files = (
			);
			runOnlyForDeploymentPostprocessing = 0;
		};
/* End PBXFrameworksBuildPhase section */

/* Begin PBXGroup section */
		92972D2C295338B000AE8497 /* home */ = {
			isa = PBXGroup;
			children = (
				92972D302953398B00AE8497 /* View */,
			);
			path = home;
			sourceTree = "<group>";
		};
		92972D2D295338F300AE8497 /* webview */ = {
			isa = PBXGroup;
			children = (
				92972D2F2953397B00AE8497 /* View */,
			);
			path = webview;
			sourceTree = "<group>";
		};
		92972D2E2953391100AE8497 /* webViewFlow */ = {
			isa = PBXGroup;
			children = (
				92F6213A29476C4200545199 /* Main.storyboard */,
				92972D2D295338F300AE8497 /* webview */,
				92972D2C295338B000AE8497 /* home */,
			);
			path = webViewFlow;
			sourceTree = "<group>";
		};
		92972D2F2953397B00AE8497 /* View */ = {
			isa = PBXGroup;
			children = (
				92F6213829476C4200545199 /* GenericWebViewController.swift */,
			);
			path = View;
			sourceTree = "<group>";
		};
		92972D302953398B00AE8497 /* View */ = {
			isa = PBXGroup;
			children = (
				928FC46E294A89F6007566EC /* InitialViewController.swift */,
			);
			name = View;
			sourceTree = "<group>";
		};
		92F6212829476C4200545199 = {
			isa = PBXGroup;
			children = (
				92F6213329476C4200545199 /* webview-iOS */,
				92F6213229476C4200545199 /* Products */,
			);
			sourceTree = "<group>";
		};
		92F6213229476C4200545199 /* Products */ = {
			isa = PBXGroup;
			children = (
				92F6213129476C4200545199 /* webview-iOS.app */,
			);
			name = Products;
			sourceTree = "<group>";
		};
		92F6213329476C4200545199 /* webview-iOS */ = {
			isa = PBXGroup;
			children = (
				92F6213429476C4200545199 /* AppDelegate.swift */,
				92F6213629476C4200545199 /* SceneDelegate.swift */,
				92F6213F29476C4400545199 /* LaunchScreen.storyboard */,
				92972D2E2953391100AE8497 /* webViewFlow */,
				92FF9816294B59740001ABB8 /* Common */,
				92F6213D29476C4400545199 /* Assets.xcassets */,
				92F6214229476C4400545199 /* Info.plist */,
			);
			path = "webview-iOS";
			sourceTree = "<group>";
		};
		92FF9816294B59740001ABB8 /* Common */ = {
			isa = PBXGroup;
			children = (
				92FF9817294B59970001ABB8 /* DefaultNavBar.swift */,
				92FF9819294B5A640001ABB8 /* UIColorExtension.swift */,
			);
			path = Common;
			sourceTree = "<group>";
		};
/* End PBXGroup section */

/* Begin PBXNativeTarget section */
		92F6213029476C4200545199 /* webview-iOS */ = {
			isa = PBXNativeTarget;
			buildConfigurationList = 92F6214529476C4400545199 /* Build configuration list for PBXNativeTarget "webview-iOS" */;
			buildPhases = (
				92F6212D29476C4200545199 /* Sources */,
				92F6212E29476C4200545199 /* Frameworks */,
				92F6212F29476C4200545199 /* Resources */,
			);
			buildRules = (
			);
			dependencies = (
			);
			name = "webview-iOS";
			productName = "webview-iOS";
			productReference = 92F6213129476C4200545199 /* webview-iOS.app */;
			productType = "com.apple.product-type.application";
		};
/* End PBXNativeTarget section */

/* Begin PBXProject section */
		92F6212929476C4200545199 /* Project object */ = {
			isa = PBXProject;
			attributes = {
				BuildIndependentTargetsInParallel = 1;
				LastSwiftUpdateCheck = 1310;
				LastUpgradeCheck = 1310;
				TargetAttributes = {
					92F6213029476C4200545199 = {
						CreatedOnToolsVersion = 13.1;
					};
				};
			};
			buildConfigurationList = 92F6212C29476C4200545199 /* Build configuration list for PBXProject "webview-iOS" */;
			compatibilityVersion = "Xcode 13.0";
			developmentRegion = en;
			hasScannedForEncodings = 0;
			knownRegions = (
				en,
				Base,
			);
			mainGroup = 92F6212829476C4200545199;
			productRefGroup = 92F6213229476C4200545199 /* Products */;
			projectDirPath = "";
			projectRoot = "";
			targets = (
				92F6213029476C4200545199 /* webview-iOS */,
			);
		};
/* End PBXProject section */

/* Begin PBXResourcesBuildPhase section */
		92F6212F29476C4200545199 /* Resources */ = {
			isa = PBXResourcesBuildPhase;
			buildActionMask = 2147483647;
			files = (
				92F6214129476C4400545199 /* LaunchScreen.storyboard in Resources */,
				92F6213E29476C4400545199 /* Assets.xcassets in Resources */,
				92F6213C29476C4200545199 /* Main.storyboard in Resources */,
			);
			runOnlyForDeploymentPostprocessing = 0;
		};
/* End PBXResourcesBuildPhase section */

/* Begin PBXSourcesBuildPhase section */
		92F6212D29476C4200545199 /* Sources */ = {
			isa = PBXSourcesBuildPhase;
			buildActionMask = 2147483647;
			files = (
				92FF9818294B59970001ABB8 /* DefaultNavBar.swift in Sources */,
				92F6213929476C4200545199 /* GenericWebViewController.swift in Sources */,
				92F6213529476C4200545199 /* AppDelegate.swift in Sources */,
				92F6213729476C4200545199 /* SceneDelegate.swift in Sources */,
				928FC46F294A89F6007566EC /* InitialViewController.swift in Sources */,
				92FF981A294B5A640001ABB8 /* UIColorExtension.swift in Sources */,
			);
			runOnlyForDeploymentPostprocessing = 0;
		};
/* End PBXSourcesBuildPhase section */

/* Begin PBXVariantGroup section */
		92F6213A29476C4200545199 /* Main.storyboard */ = {
			isa = PBXVariantGroup;
			children = (
				92F6213B29476C4200545199 /* Base */,
			);
			name = Main.storyboard;
			sourceTree = "<group>";
		};
		92F6213F29476C4400545199 /* LaunchScreen.storyboard */ = {
			isa = PBXVariantGroup;
			children = (
				92F6214029476C4400545199 /* Base */,
			);
			name = LaunchScreen.storyboard;
			sourceTree = "<group>";
		};
/* End PBXVariantGroup section */

/* Begin XCBuildConfiguration section */
		92F6214329476C4400545199 /* Debug */ = {
			isa = XCBuildConfiguration;
			buildSettings = {
				ALWAYS_SEARCH_USER_PATHS = NO;
				CLANG_ANALYZER_NONNULL = YES;
				CLANG_ANALYZER_NUMBER_OBJECT_CONVERSION = YES_AGGRESSIVE;
				CLANG_CXX_LANGUAGE_STANDARD = "gnu++17";
				CLANG_CXX_LIBRARY = "libc++";
				CLANG_ENABLE_MODULES = YES;
				CLANG_ENABLE_OBJC_ARC = YES;
				CLANG_ENABLE_OBJC_WEAK = YES;
				CLANG_WARN_BLOCK_CAPTURE_AUTORELEASING = YES;
				CLANG_WARN_BOOL_CONVERSION = YES;
				CLANG_WARN_COMMA = YES;
				CLANG_WARN_CONSTANT_CONVERSION = YES;
				CLANG_WARN_DEPRECATED_OBJC_IMPLEMENTATIONS = YES;
				CLANG_WARN_DIRECT_OBJC_ISA_USAGE = YES_ERROR;
				CLANG_WARN_DOCUMENTATION_COMMENTS = YES;
				CLANG_WARN_EMPTY_BODY = YES;
				CLANG_WARN_ENUM_CONVERSION = YES;
				CLANG_WARN_INFINITE_RECURSION = YES;
				CLANG_WARN_INT_CONVERSION = YES;
				CLANG_WARN_NON_LITERAL_NULL_CONVERSION = YES;
				CLANG_WARN_OBJC_IMPLICIT_RETAIN_SELF = YES;
				CLANG_WARN_OBJC_LITERAL_CONVERSION = YES;
				CLANG_WARN_OBJC_ROOT_CLASS = YES_ERROR;
				CLANG_WARN_QUOTED_INCLUDE_IN_FRAMEWORK_HEADER = YES;
				CLANG_WARN_RANGE_LOOP_ANALYSIS = YES;
				CLANG_WARN_STRICT_PROTOTYPES = YES;
				CLANG_WARN_SUSPICIOUS_MOVE = YES;
				CLANG_WARN_UNGUARDED_AVAILABILITY = YES_AGGRESSIVE;
				CLANG_WARN_UNREACHABLE_CODE = YES;
				CLANG_WARN__DUPLICATE_METHOD_MATCH = YES;
				COPY_PHASE_STRIP = NO;
				DEBUG_INFORMATION_FORMAT = dwarf;
				ENABLE_STRICT_OBJC_MSGSEND = YES;
				ENABLE_TESTABILITY = YES;
				GCC_C_LANGUAGE_STANDARD = gnu11;
				GCC_DYNAMIC_NO_PIC = NO;
				GCC_NO_COMMON_BLOCKS = YES;
				GCC_OPTIMIZATION_LEVEL = 0;
				GCC_PREPROCESSOR_DEFINITIONS = (
					"DEBUG=1",
					"$(inherited)",
				);
				GCC_WARN_64_TO_32_BIT_CONVERSION = YES;
				GCC_WARN_ABOUT_RETURN_TYPE = YES_ERROR;
				GCC_WARN_UNDECLARED_SELECTOR = YES;
				GCC_WARN_UNINITIALIZED_AUTOS = YES_AGGRESSIVE;
				GCC_WARN_UNUSED_FUNCTION = YES;
				GCC_WARN_UNUSED_VARIABLE = YES;
				IPHONEOS_DEPLOYMENT_TARGET = 15.0;
				MTL_ENABLE_DEBUG_INFO = INCLUDE_SOURCE;
				MTL_FAST_MATH = YES;
				ONLY_ACTIVE_ARCH = YES;
				SDKROOT = iphoneos;
				SWIFT_ACTIVE_COMPILATION_CONDITIONS = DEBUG;
				SWIFT_OPTIMIZATION_LEVEL = "-Onone";
			};
			name = Debug;
		};
		92F6214429476C4400545199 /* Release */ = {
			isa = XCBuildConfiguration;
			buildSettings = {
				ALWAYS_SEARCH_USER_PATHS = NO;
				CLANG_ANALYZER_NONNULL = YES;
				CLANG_ANALYZER_NUMBER_OBJECT_CONVERSION = YES_AGGRESSIVE;
				CLANG_CXX_LANGUAGE_STANDARD = "gnu++17";
				CLANG_CXX_LIBRARY = "libc++";
				CLANG_ENABLE_MODULES = YES;
				CLANG_ENABLE_OBJC_ARC = YES;
				CLANG_ENABLE_OBJC_WEAK = YES;
				CLANG_WARN_BLOCK_CAPTURE_AUTORELEASING = YES;
				CLANG_WARN_BOOL_CONVERSION = YES;
				CLANG_WARN_COMMA = YES;
				CLANG_WARN_CONSTANT_CONVERSION = YES;
				CLANG_WARN_DEPRECATED_OBJC_IMPLEMENTATIONS = YES;
				CLANG_WARN_DIRECT_OBJC_ISA_USAGE = YES_ERROR;
				CLANG_WARN_DOCUMENTATION_COMMENTS = YES;
				CLANG_WARN_EMPTY_BODY = YES;
				CLANG_WARN_ENUM_CONVERSION = YES;
				CLANG_WARN_INFINITE_RECURSION = YES;
				CLANG_WARN_INT_CONVERSION = YES;
				CLANG_WARN_NON_LITERAL_NULL_CONVERSION = YES;
				CLANG_WARN_OBJC_IMPLICIT_RETAIN_SELF = YES;
				CLANG_WARN_OBJC_LITERAL_CONVERSION = YES;
				CLANG_WARN_OBJC_ROOT_CLASS = YES_ERROR;
				CLANG_WARN_QUOTED_INCLUDE_IN_FRAMEWORK_HEADER = YES;
				CLANG_WARN_RANGE_LOOP_ANALYSIS = YES;
				CLANG_WARN_STRICT_PROTOTYPES = YES;
				CLANG_WARN_SUSPICIOUS_MOVE = YES;
				CLANG_WARN_UNGUARDED_AVAILABILITY = YES_AGGRESSIVE;
				CLANG_WARN_UNREACHABLE_CODE = YES;
				CLANG_WARN__DUPLICATE_METHOD_MATCH = YES;
				COPY_PHASE_STRIP = NO;
				DEBUG_INFORMATION_FORMAT = "dwarf-with-dsym";
				ENABLE_NS_ASSERTIONS = NO;
				ENABLE_STRICT_OBJC_MSGSEND = YES;
				GCC_C_LANGUAGE_STANDARD = gnu11;
				GCC_NO_COMMON_BLOCKS = YES;
				GCC_WARN_64_TO_32_BIT_CONVERSION = YES;
				GCC_WARN_ABOUT_RETURN_TYPE = YES_ERROR;
				GCC_WARN_UNDECLARED_SELECTOR = YES;
				GCC_WARN_UNINITIALIZED_AUTOS = YES_AGGRESSIVE;
				GCC_WARN_UNUSED_FUNCTION = YES;
				GCC_WARN_UNUSED_VARIABLE = YES;
				IPHONEOS_DEPLOYMENT_TARGET = 15.0;
				MTL_ENABLE_DEBUG_INFO = NO;
				MTL_FAST_MATH = YES;
				SDKROOT = iphoneos;
				SWIFT_COMPILATION_MODE = wholemodule;
				SWIFT_OPTIMIZATION_LEVEL = "-O";
				VALIDATE_PRODUCT = YES;
			};
			name = Release;
		};
		92F6214629476C4400545199 /* Debug */ = {
			isa = XCBuildConfiguration;
			buildSettings = {
				ASSETCATALOG_COMPILER_APPICON_NAME = AppIcon;
				ASSETCATALOG_COMPILER_GLOBAL_ACCENT_COLOR_NAME = AccentColor;
				CODE_SIGN_IDENTITY = "Apple Development";
				CODE_SIGN_STYLE = Automatic;
				CURRENT_PROJECT_VERSION = 1;
				DEVELOPMENT_TEAM = P94P4FZYHJ;
				GENERATE_INFOPLIST_FILE = YES;
				INFOPLIST_FILE = "webview-iOS/Info.plist";
				INFOPLIST_KEY_UIApplicationSupportsIndirectInputEvents = YES;
				INFOPLIST_KEY_UILaunchStoryboardName = LaunchScreen;
				INFOPLIST_KEY_UIMainStoryboardFile = Main;
				INFOPLIST_KEY_UISupportedInterfaceOrientations_iPad = "UIInterfaceOrientationPortrait UIInterfaceOrientationPortraitUpsideDown UIInterfaceOrientationLandscapeLeft UIInterfaceOrientationLandscapeRight";
				INFOPLIST_KEY_UISupportedInterfaceOrientations_iPhone = "UIInterfaceOrientationPortrait UIInterfaceOrientationLandscapeLeft UIInterfaceOrientationLandscapeRight";
				LD_RUNPATH_SEARCH_PATHS = (
					"$(inherited)",
					"@executable_path/Frameworks",
				);
				MARKETING_VERSION = 1.0;
				PRODUCT_BUNDLE_IDENTIFIER = "bradshaw.com.pocwebview-iOS";
				PRODUCT_NAME = "$(TARGET_NAME)";
				PROVISIONING_PROFILE_SPECIFIER = "";
				SWIFT_EMIT_LOC_STRINGS = YES;
				SWIFT_VERSION = 5.0;
				TARGETED_DEVICE_FAMILY = "1,2";
			};
			name = Debug;
		};
		92F6214729476C4400545199 /* Release */ = {
			isa = XCBuildConfiguration;
			buildSettings = {
				ASSETCATALOG_COMPILER_APPICON_NAME = AppIcon;
				ASSETCATALOG_COMPILER_GLOBAL_ACCENT_COLOR_NAME = AccentColor;
				CODE_SIGN_IDENTITY = "Apple Development";
				CODE_SIGN_STYLE = Automatic;
				CURRENT_PROJECT_VERSION = 1;
				DEVELOPMENT_TEAM = P94P4FZYHJ;
				GENERATE_INFOPLIST_FILE = YES;
				INFOPLIST_FILE = "webview-iOS/Info.plist";
				INFOPLIST_KEY_UIApplicationSupportsIndirectInputEvents = YES;
				INFOPLIST_KEY_UILaunchStoryboardName = LaunchScreen;
				INFOPLIST_KEY_UIMainStoryboardFile = Main;
				INFOPLIST_KEY_UISupportedInterfaceOrientations_iPad = "UIInterfaceOrientationPortrait UIInterfaceOrientationPortraitUpsideDown UIInterfaceOrientationLandscapeLeft UIInterfaceOrientationLandscapeRight";
				INFOPLIST_KEY_UISupportedInterfaceOrientations_iPhone = "UIInterfaceOrientationPortrait UIInterfaceOrientationLandscapeLeft UIInterfaceOrientationLandscapeRight";
				LD_RUNPATH_SEARCH_PATHS = (
					"$(inherited)",
					"@executable_path/Frameworks",
				);
				MARKETING_VERSION = 1.0;
				PRODUCT_BUNDLE_IDENTIFIER = "bradshaw.com.pocwebview-iOS";
				PRODUCT_NAME = "$(TARGET_NAME)";
				PROVISIONING_PROFILE_SPECIFIER = "";
				SWIFT_EMIT_LOC_STRINGS = YES;
				SWIFT_VERSION = 5.0;
				TARGETED_DEVICE_FAMILY = "1,2";
			};
			name = Release;
		};
/* End XCBuildConfiguration section */

/* Begin XCConfigurationList section */
		92F6212C29476C4200545199 /* Build configuration list for PBXProject "webview-iOS" */ = {
			isa = XCConfigurationList;
			buildConfigurations = (
				92F6214329476C4400545199 /* Debug */,
				92F6214429476C4400545199 /* Release */,
			);
			defaultConfigurationIsVisible = 0;
			defaultConfigurationName = Release;
		};
		92F6214529476C4400545199 /* Build configuration list for PBXNativeTarget "webview-iOS" */ = {
			isa = XCConfigurationList;
			buildConfigurations = (
				92F6214629476C4400545199 /* Debug */,
				92F6214729476C4400545199 /* Release */,
			);
			defaultConfigurationIsVisible = 0;
			defaultConfigurationName = Release;
		};
/* End XCConfigurationList section */
	};
	rootObject = 92F6212929476C4200545199 /* Project object */;
}
